# This file is autogenerated, do not edit; changes may be undone by the next 'dep ensure'.


[[projects]]
  branch = "v2"
  name = "gopkg.in/ns1/ns1-go.v2"
  packages = [
    ".",
    "rest",
    "rest/model/account",
    "rest/model/data",
    "rest/model/dns",
    "rest/model/filter",
    "rest/model/monitor"
  ]
  revision = "1f132c4ac59d2c7022353a8824002a15deb66f1e"

[solve-meta]
  analyzer-name = "dep"
  analyzer-version = 1
  inputs-digest = "f8f9a21a2ce826318209819fc8419ad17ebe6e45662ce3a0fbe8e65aed6efb67"
  solver-name = "gps-cdcl"
  solver-version = 1
